
Microsoft Visual Studio Solution File, Format Version 12.00
# Visual Studio Version 17
VisualStudioVersion = 17.2.32616.157
MinimumVisualStudioVersion = 10.0.40219.1
Project("{9A19103F-16F7-4668-BE54-9A1E7A4F7556}") = "Password-Manager", "Password-Manager\Password-Manager.csproj", "{12986A85-6B8E-42F1-BC6C-990840CFDC97}"
EndProject
Project("{9A19103F-16F7-4668-BE54-9A1E7A4F7556}") = "Password-Manager-Tests", "Password-Manager-Tests\Password-Manager-Tests.csproj", "{F315CB30-B17A-4F2F-ACD2-A6818227C5B1}"
EndProject
Project("{FAE04EC0-301F-11D3-BF4B-00C04F79EFBC}") = "Password-Manager-Forms", "Password-Manager-Forms\Password-Manager-Forms.csproj", "{B0FA0F64-4B27-40E6-BE2C-2FEB96492B88}"
EndProject
Global
	GlobalSection(SolutionConfigurationPlatforms) = preSolution
		Debug|Any CPU = Debug|Any CPU
		Release|Any CPU = Release|Any CPU
	EndGlobalSection
	GlobalSection(ProjectConfigurationPlatforms) = postSolution
		{12986A85-6B8E-42F1-BC6C-990840CFDC97}.Debug|Any CPU.ActiveCfg = Debug|Any CPU
		{12986A85-6B8E-42F1-BC6C-990840CFDC97}.Debug|Any CPU.Build.0 = Debug|Any CPU
		{12986A85-6B8E-42F1-BC6C-990840CFDC97}.Release|Any CPU.ActiveCfg = Release|Any CPU
		{12986A85-6B8E-42F1-BC6C-990840CFDC97}.Release|Any CPU.Build.0 = Release|Any CPU
		{F315CB30-B17A-4F2F-ACD2-A6818227C5B1}.Debug|Any CPU.ActiveCfg = Debug|Any CPU
		{F315CB30-B17A-4F2F-ACD2-A6818227C5B1}.Debug|Any CPU.Build.0 = Debug|Any CPU
		{F315CB30-B17A-4F2F-ACD2-A6818227C5B1}.Release|Any CPU.ActiveCfg = Release|Any CPU
		{F315CB30-B17A-4F2F-ACD2-A6818227C5B1}.Release|Any CPU.Build.0 = Release|Any CPU
		{B0FA0F64-4B27-40E6-BE2C-2FEB96492B88}.Debug|Any CPU.ActiveCfg = Debug|Any CPU
		{B0FA0F64-4B27-40E6-BE2C-2FEB96492B88}.Debug|Any CPU.Build.0 = Debug|Any CPU
		{B0FA0F64-4B27-40E6-BE2C-2FEB96492B88}.Release|Any CPU.ActiveCfg = Release|Any CPU
		{B0FA0F64-4B27-40E6-BE2C-2FEB96492B88}.Release|Any CPU.Build.0 = Release|Any CPU
	EndGlobalSection
	GlobalSection(SolutionProperties) = preSolution
		HideSolutionNode = FALSE
	EndGlobalSection
	GlobalSection(ExtensibilityGlobals) = postSolution
		SolutionGuid = {C6EF1186-A747-40A2-B370-AC6442CA5F90}
	EndGlobalSection
EndGlobal
